
Microsoft Visual Studio Solution File, Format Version 12.00
# Visual Studio 15
VisualStudioVersion = 15.0.28307.329
MinimumVisualStudioVersion = 10.0.40219.1
Project("{FAE04EC0-301F-11D3-BF4B-00C04F79EFBC}") = "Emgu Color Track", "Emgu Color Track\Emgu Color Track.csproj", "{C408600A-C86A-42D9-97B6-B128CC203908}"
EndProject
Global
	GlobalSection(SolutionConfigurationPlatforms) = preSolution
		Debug|Any CPU = Debug|Any CPU
		Release|Any CPU = Release|Any CPU
	EndGlobalSection
	GlobalSection(ProjectConfigurationPlatforms) = postSolution
		{C408600A-C86A-42D9-97B6-B128CC203908}.Debug|Any CPU.ActiveCfg = Debug|Any CPU
		{C408600A-C86A-42D9-97B6-B128CC203908}.Debug|Any CPU.Build.0 = Debug|Any CPU
		{C408600A-C86A-42D9-97B6-B128CC203908}.Release|Any CPU.ActiveCfg = Release|Any CPU
		{C408600A-C86A-42D9-97B6-B128CC203908}.Release|Any CPU.Build.0 = Release|Any CPU
	EndGlobalSection
	GlobalSection(SolutionProperties) = preSolution
		HideSolutionNode = FALSE
	EndGlobalSection
	GlobalSection(ExtensibilityGlobals) = postSolution
		SolutionGuid = {4E1C47EC-B639-4C93-9289-8A0CD2285069}
	EndGlobalSection
EndGlobal
